{
  "name": "yandex-docs-upstream-capture",
  "lockfileVersion": 3,
  "requires": true,
  "packages": {
    "": {
      "name": "yandex-docs-upstream-capture",
      "dependencies": {
        "@joplin/turndown-plugin-gfm": "1.0.68",
        "@mixmark-io/domino": "2.2.0",
        "playwright-core": "1.63.0",
        "turndown": "7.2.4"
      },
      "engines": {
        "node": ">=20"
      }
    },
    "node_modules/@joplin/turndown-plugin-gfm": {
      "version": "1.0.68",
      "resolved": "https://registry.npmjs.org/@joplin/turndown-plugin-gfm/-/turndown-plugin-gfm-1.0.68.tgz",
      "integrity": "sha512-m8DfAQNC/V7g0j5H6Jv60WhekBBjodD+zTPGrU+g2m+ux/z8ZX07KQIl6kaAmbKwfvsQhC04op52g63I78sVgg==",
      "license": "MIT"
    },
    "node_modules/@mixmark-io/domino": {
      "version": "2.2.0",
      "resolved": "https://registry.npmjs.org/@mixmark-io/domino/-/domino-2.2.0.tgz",
      "integrity": "sha512-Y28PR25bHXUg88kCV7nivXrP2Nj2RueZ3/l/jdx6J9f8J4nsEGcgX0Qe6lt7Pa+J79+kPiJU3LguR6O/6zrLOw==",
      "license": "BSD-2-Clause"
    },
    "node_modules/playwright-core": {
      "version": "1.63.0",
      "resolved": "https://registry.npmjs.org/playwright-core/-/playwright-core-1.63.0.tgz",
      "integrity": "sha512-rYCsBF/M5HjUch52bbtVONEFjv6Xu8sm8h72dNlR5bzIE1fvC/bxgspzkjSfU+MweEMmPM8KJebG6nnyxo5mCg==",
      "license": "Apache-2.0",
      "bin": {
        "playwright-core": "cli.js"
      },
      "engines": {
        "node": ">=20"
      }
    },
    "node_modules/turndown": {
      "version": "7.2.4",
      "resolved": "https://registry.npmjs.org/turndown/-/turndown-7.2.4.tgz",
      "integrity": "sha512-I8yFsfRzmzK0WV1pNNOA4A7y4RDfFxPRxb3t+e3ui14qSGOxGtiSP6GjeX+Y6CHb7HYaFj7ECUD7VE5kQMZWGQ==",
      "license": "MIT",
      "dependencies": {
        "@mixmark-io/domino": "^2.2.0"
      },
      "engines": {
        "node": ">=18",
        "npm": ">=9"
      }
    }
  }
}
